{
    "_meta": {
        "hash": {
            "sha256": "024cab7fbbdac8f3f98e7929853cf1e96f824c596cf3c16d66bdde044511d007"
        },
        "pipfile-spec": 6,
        "requires": {
            "python_version": "3.9"
        },
        "sources": [
            {
                "name": "pypi",
                "url": "https://pypi.org/simple",
                "verify_ssl": true
            }
        ]
    },
    "default": {
        "appdirs": {
            "hashes": [
                "sha256:7d5d0167b2b1ba821647616af46a749d1c653740dd0d2415100fe26e27afdf41",
                "sha256:a841dacd6b99318a741b166adb07e19ee71a274450e68237b4650ca1055ab128"
            ],
            "version": "==1.4.4"
        },
        "attrs": {
            "hashes": [
                "sha256:08a96c641c3a74e44eb59afb61a24f2cb9f4d7188748e76ba4bb5edfa3cb7d1c",
                "sha256:f7b7ce16570fe9965acd6d30101a28f62fb4a7f9e926b3bbc9b61f8b04247e72"
            ],
            "markers": "python_version >= '2.7' and python_version not in '3.0, 3.1, 3.2, 3.3'",
            "version": "==19.3.0"
        },
        "audio-metadata": {
            "hashes": [
                "sha256:9e7ba79d49cf048a911d5f7d55bb2715c10be5c127fe5db0987c5fe1aa7335eb",
                "sha256:f5b85ad087324c255f8d1223574c3e7d3c27b649e411d1dd54aa3bf342fe93fb"
            ],
            "markers": "python_version >= '3.6' and python_version < '4.0'",
            "version": "==0.11.1"
        },
        "bidict": {
            "hashes": [
                "sha256:4fa46f7ff96dc244abfc437383d987404ae861df797e2fd5b190e233c302be09",
                "sha256:929d056e8d0d9b17ceda20ba5b24ac388e2a4d39802b87f9f4d3f45ecba070bf"
            ],
            "markers": "python_version >= '3.6'",
            "version": "==0.21.2"
        },
        "bitstruct": {
            "hashes": [
                "sha256:4e7b8769c0f09fee403d0a5f637f8b575b191a79a92e140811aa109ce7461f0c"
            ],
            "version": "==8.11.1"
        },
        "certifi": {
            "hashes": [
                "sha256:1f422849db327d534e3d0c5f02a263458c3955ec0aae4ff09b95f195c59f4edd",
                "sha256:f05def092c44fbf25834a51509ef6e631dc19765ab8a57b4e7ab85531f0a9cf4"
            ],
            "version": "==2020.11.8"
        },
        "chardet": {
            "hashes": [
                "sha256:84ab92ed1c4d4f16916e05906b6b75a6c0fb5db821cc65e70cbd64a3e2a5eaae",
                "sha256:fc323ffcaeaed0e0a02bf4d117757b98aed530d9ed4531e3e15460124c106691"
            ],
            "version": "==3.0.4"
        },
        "google-music": {
            "hashes": [
                "sha256:b79956cc0df86345c74436ae6213b700345403c91d51947288806b174322573b",
                "sha256:bcd75db4c8b7d45f182b8f89ddd08ac0e306ea9b2acb31c06dd1d1a6d087365b"
            ],
            "markers": "python_version >= '3.6' and python_version < '4.0'",
            "version": "==3.7.0"
        },
        "google-music-proto": {
            "hashes": [
                "sha256:91b78c0de4f59b1e5503fd6d49cb3fec029d9199cca0794c87667e643342e987",
                "sha256:bc8374c917f3d43176434e7a8a98ca256628620626af356a9dda3c48e1d954fe"
            ],
            "markers": "python_version >= '3.6' and python_version < '4.0'",
            "version": "==2.10.0"
        },
        "google-music-scripts": {
            "hashes": [
                "sha256:78ad0c76498898f1267989f4ecb95a29488ec9f2bb7ad7ce012c436e907cfc2a",
                "sha256:a76d863ef9765633e72466deff3c948246d7cd3dd351899d3cfdfa4c563fc66a"
            ],
            "index": "pypi",
            "version": "==4.5.0"
        },
        "google-music-utils": {
            "hashes": [
                "sha256:b869f82bfa8cbe250c248a4fdcf924f9b7b45579ad93d73e5a634b55aa0a4bc4",
                "sha256:fa0b6e8d165adb812b0eee8e9a460f2ab88d6a3d65eae3f01f43e65132e8cfdf"
            ],
            "markers": "python_version >= '3.6' and python_version < '4.0'",
            "version": "==2.5.0"
        },
        "h11": {
            "hashes": [
                "sha256:3c6c61d69c6f13d41f1b80ab0322f1872702a3ba26e12aa864c928f6a43fbaab",
                "sha256:ab6c335e1b6ef34b205d5ca3e228c9299cc7218b049819ec84a388c2525e5d87"
            ],
            "version": "==0.11.0"
        },
        "httpcore": {
            "hashes": [
                "sha256:420700af11db658c782f7e8fda34f9dcd95e3ee93944dd97d78cb70247e0cd06",
                "sha256:dd1d762d4f7c2702149d06be2597c35fb154c5eff9789a8c5823fbcf4d2978d6"
            ],
            "markers": "python_version >= '3.6'",
            "version": "==0.12.2"
        },
        "httpx": {
            "hashes": [
                "sha256:126424c279c842738805974687e0518a94c7ae8d140cd65b9c4f77ac46ffa537",
                "sha256:9cffb8ba31fac6536f2c8cde30df859013f59e4bcc5b8d43901cb3654a8e0a5b"
            ],
            "markers": "python_version >= '3.6'",
            "version": "==0.16.1"
        },
        "idna": {
            "hashes": [
                "sha256:b307872f855b18632ce0c21c5e45be78c0ea7ae4c15c828c20788b26921eb3f6",
                "sha256:b97d804b1e9b523befed77c48dacec60e6dcb0b5391d57af6a65a312a90648c0"
            ],
            "version": "==2.10"
        },
        "loguru": {
            "hashes": [
                "sha256:074b3caa6748452c1e4f2b302093c94b65d5a4c5a4d7743636b4121e06437b0e",
                "sha256:a6101fd435ac89ba5205a105a26a6ede9e4ddbb4408a6e167852efca47806d11"
            ],
            "markers": "python_version >= '3.5'",
            "version": "==0.4.1"
        },
        "marshmallow": {
            "hashes": [
                "sha256:7cb1881a0fa84be4b5c1e301168236932c345f6910725f99905d636bfe93e9e9",
                "sha256:e9390c0c80437d7a02d84e3d1635dc20f37a8bcb149ca443d93791bdc683f28d"
            ],
            "version": "==2.21.0"
        },
        "more-itertools": {
            "hashes": [
                "sha256:8e1a2a43b2f2727425f2b5839587ae37093f19153dc26c0927d1048ff6557330",
                "sha256:b3a9005928e5bed54076e6e549c792b306fddfe72b2d1d22dd63d42d5d3899cf"
            ],
            "markers": "python_version >= '3.5'",
            "version": "==8.6.0"
        },
        "multidict": {
            "hashes": [
                "sha256:1ece5a3369835c20ed57adadc663400b5525904e53bae59ec854a5d36b39b21a",
                "sha256:275ca32383bc5d1894b6975bb4ca6a7ff16ab76fa622967625baeebcf8079000",
                "sha256:3750f2205b800aac4bb03b5ae48025a64e474d2c6cc79547988ba1d4122a09e2",
                "sha256:4538273208e7294b2659b1602490f4ed3ab1c8cf9dbdd817e0e9db8e64be2507",
                "sha256:5141c13374e6b25fe6bf092052ab55c0c03d21bd66c94a0e3ae371d3e4d865a5",
                "sha256:51a4d210404ac61d32dada00a50ea7ba412e6ea945bbe992e4d7a595276d2ec7",
                "sha256:5cf311a0f5ef80fe73e4f4c0f0998ec08f954a6ec72b746f3c179e37de1d210d",
                "sha256:6513728873f4326999429a8b00fc7ceddb2509b01d5fd3f3be7881a257b8d463",
                "sha256:7388d2ef3c55a8ba80da62ecfafa06a1c097c18032a501ffd4cabbc52d7f2b19",
                "sha256:9456e90649005ad40558f4cf51dbb842e32807df75146c6d940b6f5abb4a78f3",
                "sha256:c026fe9a05130e44157b98fea3ab12969e5b60691a276150db9eda71710cd10b",
                "sha256:d14842362ed4cf63751648e7672f7174c9818459d169231d03c56e84daf90b7c",
                "sha256:e0d072ae0f2a179c375f67e3da300b47e1a83293c554450b29c900e50afaae87",
                "sha256:f07acae137b71af3bb548bd8da720956a3bc9f9a0b87733e0899226a2317aeb7",
                "sha256:fbb77a75e529021e7c4a8d4e823d88ef4d23674a202be4f5addffc72cbb91430",
                "sha256:fcfbb44c59af3f8ea984de67ec7c306f618a3ec771c2843804069917a8f2e255",
                "sha256:feed85993dbdb1dbc29102f50bca65bdc68f2c0c8d352468c25b54874f23c39d"
            ],
            "markers": "python_version >= '3.5'",
            "version": "==4.7.6"
        },
        "natsort": {
            "hashes": [
                "sha256:161dfaa30a820a4a274d4eab1f693300990a1be05ae5724af0cc6d3b530fc979",
                "sha256:33f3f1003e2af4b4df20908fe62aa029999d136b966463746942efbfc821add3"
            ],
            "markers": "python_version >= '3.4'",
            "version": "==7.1.0"
        },
        "oauthlib": {
            "hashes": [
                "sha256:bee41cc35fcca6e988463cacc3bcb8a96224f470ca547e697b604cc697b2f889",
                "sha256:df884cd6cbe20e32633f1db1072e9356f53638e4361bef4e8b03c9127c9328ea"
            ],
            "markers": "python_version >= '2.7' and python_version not in '3.0, 3.1, 3.2, 3.3'",
            "version": "==3.1.0"
        },
        "pendulum": {
            "hashes": [
                "sha256:0731f0c661a3cb779d398803655494893c9f581f6488048b3fb629c2342b5394",
                "sha256:1245cd0075a3c6d889f581f6325dd8404aca5884dea7223a5566c38aab94642b",
                "sha256:29c40a6f2942376185728c9a0347d7c0f07905638c83007e1d262781f1e6953a",
                "sha256:2d1619a721df661e506eff8db8614016f0720ac171fe80dda1333ee44e684087",
                "sha256:318f72f62e8e23cd6660dbafe1e346950281a9aed144b5c596b2ddabc1d19739",
                "sha256:33fb61601083f3eb1d15edeb45274f73c63b3c44a8524703dc143f4212bf3269",
                "sha256:3481fad1dc3f6f6738bd575a951d3c15d4b4ce7c82dce37cf8ac1483fde6e8b0",
                "sha256:4c9c689747f39d0d02a9f94fcee737b34a5773803a64a5fdb046ee9cac7442c5",
                "sha256:7c5ec650cb4bec4c63a89a0242cc8c3cebcec92fcfe937c417ba18277d8560be",
                "sha256:94b1fc947bfe38579b28e1cccb36f7e28a15e841f30384b5ad6c5e31055c85d7",
                "sha256:9702069c694306297ed362ce7e3c1ef8404ac8ede39f9b28b7c1a7ad8c3959e3",
                "sha256:b06a0ca1bfe41c990bbf0c029f0b6501a7f2ec4e38bfec730712015e8860f207",
                "sha256:b6c352f4bd32dff1ea7066bd31ad0f71f8d8100b9ff709fb343f3b86cee43efe",
                "sha256:c501749fdd3d6f9e726086bf0cd4437281ed47e7bca132ddb522f86a1645d360",
                "sha256:c807a578a532eeb226150d5006f156632df2cc8c5693d778324b43ff8c515dd0",
                "sha256:db0a40d8bcd27b4fb46676e8eb3c732c67a5a5e6bfab8927028224fbced0b40b",
                "sha256:de42ea3e2943171a9e95141f2eecf972480636e8e484ccffaf1e833929e9e052",
                "sha256:e95d329384717c7bf627bf27e204bc3b15c8238fa8d9d9781d93712776c14002",
                "sha256:f5e236e7730cab1644e1b87aca3d2ff3e375a608542e90fe25685dae46310116",
                "sha256:f888f2d2909a414680a29ae74d0592758f2b9fcdee3549887779cd4055e975db",
                "sha256:fb53ffa0085002ddd43b6ca61a7b34f2d4d7c3ed66f931fe599e1a531b42af9b"
            ],
            "markers": "python_version >= '2.7' and python_version not in '3.0, 3.1, 3.2, 3.3, 3.4'",
            "version": "==2.1.2"
        },
        "pprintpp": {
            "hashes": [
                "sha256:b6b4dcdd0c0c0d75e4d7b2f21a9e933e5b2ce62b26e1a54537f9651ae5a5c01d",
                "sha256:ea826108e2c7f49dc6d66c752973c3fc9749142a798d6b254e1e301cfdbc6403"
            ],
            "version": "==0.4.0"
        },
        "protobuf": {
            "hashes": [
                "sha256:0e247612fadda953047f53301a7b0407cb0c3cb4ae25a6fde661597a04039b3c",
                "sha256:0fc96785262042e4863b3f3b5c429d4636f10d90061e1840fce1baaf59b1a836",
                "sha256:1c51fda1bbc9634246e7be6016d860be01747354ed7015ebe38acf4452f470d2",
                "sha256:1d63eb389347293d8915fb47bee0951c7b5dab522a4a60118b9a18f33e21f8ce",
                "sha256:22bcd2e284b3b1d969c12e84dc9b9a71701ec82d8ce975fdda19712e1cfd4e00",
                "sha256:2a7e2fe101a7ace75e9327b9c946d247749e564a267b0515cf41dfe450b69bac",
                "sha256:43b554b9e73a07ba84ed6cf25db0ff88b1e06be610b37656e292e3cbb5437472",
                "sha256:4b74301b30513b1a7494d3055d95c714b560fbb630d8fb9956b6f27992c9f980",
                "sha256:4e75105c9dfe13719b7293f75bd53033108f4ba03d44e71db0ec2a0e8401eafd",
                "sha256:5b7a637212cc9b2bcf85dd828b1178d19efdf74dbfe1ddf8cd1b8e01fdaaa7f5",
                "sha256:5e9806a43232a1fa0c9cf5da8dc06f6910d53e4390be1fa06f06454d888a9142",
                "sha256:629b03fd3caae7f815b0c66b41273f6b1900a579e2ccb41ef4493a4f5fb84f3a",
                "sha256:72230ed56f026dd664c21d73c5db73ebba50d924d7ba6b7c0d81a121e390406e",
                "sha256:86a75477addde4918e9a1904e5c6af8d7b691f2a3f65587d73b16100fbe4c3b2",
                "sha256:8971c421dbd7aad930c9bd2694122f332350b6ccb5202a8b7b06f3f1a5c41ed5",
                "sha256:9616f0b65a30851e62f1713336c931fcd32c057202b7ff2cfbfca0fc7d5e3043",
                "sha256:b0d5d35faeb07e22a1ddf8dce620860c8fe145426c02d1a0ae2688c6e8ede36d",
                "sha256:ecc33531a213eee22ad60e0e2aaea6c8ba0021f0cce35dbf0ab03dee6e2a23a1"
            ],
            "version": "==3.14.0"
        },
        "python-dateutil": {
            "hashes": [
                "sha256:73ebfe9dbf22e832286dafa60473e4cd239f8592f699aa5adaf10050e6e1823c",
                "sha256:75bb3f31ea686f1197762692a9ee6a7550b59fc6ca3a1f4b5d7e32fb98e2da2a"
            ],
            "markers": "python_version >= '2.7' and python_version not in '3.0, 3.1, 3.2, 3.3'",
            "version": "==2.8.1"
        },
        "pytzdata": {
            "hashes": [
                "sha256:3efa13b335a00a8de1d345ae41ec78dd11c9f8807f522d39850f2dd828681540",
                "sha256:e1e14750bcf95016381e4d472bad004eef710f2d6417240904070b3d6654485f"
            ],
            "markers": "python_version >= '2.7' and python_version not in '3.0, 3.1, 3.2, 3.3'",
            "version": "==2020.1"
        },
        "requests": {
            "hashes": [
                "sha256:7f1a0b932f4a60a1a65caa4263921bb7d9ee911957e0ae4a23a6dd08185ad5f8",
                "sha256:e786fa28d8c9154e6a4de5d46a1d921b8749f8b74e28bde23768e5e16eece998"
            ],
            "markers": "python_version >= '2.7' and python_version not in '3.0, 3.1, 3.2, 3.3, 3.4'",
            "version": "==2.25.0"
        },
        "rfc3986": {
            "extras": [
                "idna2008"
            ],
            "hashes": [
                "sha256:112398da31a3344dc25dbf477d8df6cb34f9278a94fee2625d89e4514be8bb9d",
                "sha256:af9147e9aceda37c91a05f4deb128d4b4b49d6b199775fd2d2927768abdc8f50"
            ],
            "version": "==1.4.0"
        },
        "six": {
            "hashes": [
                "sha256:30639c035cdb23534cd4aa2dd52c3bf48f06e5f4a941509c8bafd8ce11080259",
                "sha256:8b74bedcbbbaca38ff6d7491d76f2b06b3592611af620f8426e82dddb04a5ced"
            ],
            "markers": "python_version >= '2.7' and python_version not in '3.0, 3.1, 3.2, 3.3'",
            "version": "==1.15.0"
        },
        "sniffio": {
            "hashes": [
                "sha256:471b71698eac1c2112a40ce2752bb2f4a4814c22a54a3eed3676bc0f5ca9f663",
                "sha256:c4666eecec1d3f50960c6bdf61ab7bc350648da6c126e3cf6898d8cd4ddcd3de"
            ],
            "markers": "python_version >= '3.5'",
            "version": "==1.2.0"
        },
        "tbm-utils": {
            "hashes": [
                "sha256:235748cceeb22c042e32d2fdfd4d710021bac9b938c4f2c35e1fce1cfd58f7ec",
                "sha256:692b5cde2b810bb84e55ca0f5f6c055ca6ad321c4d5acc0cade98af97c5998e2"
            ],
            "markers": "python_version >= '3.6' and python_version < '4.0'",
            "version": "==2.6.0"
        },
        "tenacity": {
            "hashes": [
                "sha256:29ae90e7faf488a8628432154bb34ace1cca58244c6ea399fd33f066ac71339a",
                "sha256:5a5d3dcd46381abe8b4f82b5736b8726fd3160c6c7161f53f8af7f1eb9b82173"
            ],
            "version": "==6.2.0"
        },
        "tomlkit": {
            "hashes": [
                "sha256:4e1bd6c9197d984528f9ff0cc9db667c317d8881288db50db20eeeb0f6b0380b",
                "sha256:f044eda25647882e5ef22b43a1688fb6ab12af2fc50e8456cdfc751c873101cf"
            ],
            "markers": "python_version >= '2.7' and python_version not in '3.0, 3.1, 3.2, 3.3'",
            "version": "==0.5.11"
        },
        "urllib3": {
            "hashes": [
                "sha256:19188f96923873c92ccb987120ec4acaa12f0461fa9ce5d3d0772bc965a39e08",
                "sha256:d8ff90d979214d7b4f8ce956e80f4028fc6860e4431f731ea4a8c08f23f99473"
            ],
            "markers": "python_version >= '2.7' and python_version not in '3.0, 3.1, 3.2, 3.3, 3.4' and python_version < '4'",
            "version": "==1.26.2"
        },
        "wrapt": {
            "hashes": [
                "sha256:b62ffa81fb85f4332a4f609cab4ac40709470da05643a082ec1eb88e6d9b97d7"
            ],
            "version": "==1.12.1"
        },
        "ytmusicapi": {
            "hashes": [
                "sha256:a28674a56474c99d31186587c7800165494f7ec39b756960727d3e3e161e3e5f",
                "sha256:b719a4bbe2d80de8540a3ea30e45ff25d14ff9f1ab7b7871de9e0fcb9cc60adf"
            ],
            "index": "pypi",
            "version": "==0.11.0"
        }
    },
    "develop": {}
}
